// !$*UTF8*$!
{
	archiveVersion = 1;
	classes = {
	};
	objectVersion = 46;
	objects = {

/* Begin PBXBuildFile section */
		1C1291611B3C2050008A4EC4 /* good@3x.png in Resources */ = {isa = PBXBuildFile; fileRef = 1C12915F1B3C2050008A4EC4 /* good@3x.png */; };
		1C172E191B3D8457005237C0 /* MapInformationViewController.m in Sources */ = {isa = PBXBuildFile; fileRef = 1C172E181B3D8457005237C0 /* MapInformationViewController.m */; };
		1C25F1EC1B587DB700505141 /* story0.blend in Resources */ = {isa = PBXBuildFile; fileRef = 1C25F1DE1B587DB700505141 /* story0.blend */; };
		1C25F1ED1B587DB700505141 /* story0.mtl in Resources */ = {isa = PBXBuildFile; fileRef = 1C25F1DF1B587DB700505141 /* story0.mtl */; };
		1C25F1EE1B587DB700505141 /* story0.obj in Resources */ = {isa = PBXBuildFile; fileRef = 1C25F1E01B587DB700505141 /* story0.obj */; };
		1C25F1EF1B587DB700505141 /* story0.png in Resources */ = {isa = PBXBuildFile; fileRef = 1C25F1E11B587DB700505141 /* story0.png */; };
		1C25F1F01B587DB700505141 /* story1 transparent.png in Resources */ = {isa = PBXBuildFile; fileRef = 1C25F1E21B587DB700505141 /* story1 transparent.png */; };
		1C25F1F11B587DB700505141 /* story1.blend in Resources */ = {isa = PBXBuildFile; fileRef = 1C25F1E31B587DB700505141 /* story1.blend */; };
		1C25F1F31B587DB700505141 /* story1.mtl in Resources */ = {isa = PBXBuildFile; fileRef = 1C25F1E51B587DB700505141 /* story1.mtl */; };
		1C25F1F41B587DB700505141 /* story1.obj in Resources */ = {isa = PBXBuildFile; fileRef = 1C25F1E61B587DB700505141 /* story1.obj */; };
		1C25F1F51B587DB700505141 /* story2 transparent.png in Resources */ = {isa = PBXBuildFile; fileRef = 1C25F1E71B587DB700505141 /* story2 transparent.png */; };
		1C25F1F61B587DB700505141 /* story2.blend in Resources */ = {isa = PBXBuildFile; fileRef = 1C25F1E81B587DB700505141 /* story2.blend */; };
		1C25F1F81B587DB700505141 /* story2.mtl in Resources */ = {isa = PBXBuildFile; fileRef = 1C25F1EA1B587DB700505141 /* story2.mtl */; };
		1C25F1F91B587DB700505141 /* story2.obj in Resources */ = {isa = PBXBuildFile; fileRef = 1C25F1EB1B587DB700505141 /* story2.obj */; };
		1C2DFAEA1B3C43EB00E20507 /* sky_back.JPG in Resources */ = {isa = PBXBuildFile; fileRef = 1C2DFAE41B3C43EB00E20507 /* sky_back.JPG */; };
		1C2DFAEB1B3C43EB00E20507 /* sky_bottom.JPG in Resources */ = {isa = PBXBuildFile; fileRef = 1C2DFAE51B3C43EB00E20507 /* sky_bottom.JPG */; };
		1C2DFAEC1B3C43EB00E20507 /* sky_front.JPG in Resources */ = {isa = PBXBuildFile; fileRef = 1C2DFAE61B3C43EB00E20507 /* sky_front.JPG */; };
		1C2DFAED1B3C43EB00E20507 /* sky_left.JPG in Resources */ = {isa = PBXBuildFile; fileRef = 1C2DFAE71B3C43EB00E20507 /* sky_left.JPG */; };
		1C2DFAEE1B3C43EB00E20507 /* sky_right.JPG in Resources */ = {isa = PBXBuildFile; fileRef = 1C2DFAE81B3C43EB00E20507 /* sky_right.JPG */; };
		1C2DFAEF1B3C43EB00E20507 /* sky_top.JPG in Resources */ = {isa = PBXBuildFile; fileRef = 1C2DFAE91B3C43EB00E20507 /* sky_top.JPG */; };
		1C36881E1AE52D5500E2A083 /* story1.png in Resources */ = {isa = PBXBuildFile; fileRef = 1C3687FE1AE52D5400E2A083 /* story1.png */; };
		1C36881F1AE52D5500E2A083 /* story2 transparent.png in Resources */ = {isa = PBXBuildFile; fileRef = 1C3687FF1AE52D5400E2A083 /* story2 transparent.png */; };
		1C3688201AE52D5500E2A083 /* story3 transparent.png in Resources */ = {isa = PBXBuildFile; fileRef = 1C3688001AE52D5400E2A083 /* story3 transparent.png */; };
		1C3688211AE52D5500E2A083 /* Untitled.xcf in Resources */ = {isa = PBXBuildFile; fileRef = 1C3688011AE52D5400E2A083 /* Untitled.xcf */; };
		1C3688241AE52D5500E2A083 /* pin.blend in Resources */ = {isa = PBXBuildFile; fileRef = 1C3688041AE52D5500E2A083 /* pin.blend */; };
		1C3688261AE52D5500E2A083 /* pin.c3b in Resources */ = {isa = PBXBuildFile; fileRef = 1C3688061AE52D5500E2A083 /* pin.c3b */; };
		1C3688281AE52D5500E2A083 /* pin.mtl in Resources */ = {isa = PBXBuildFile; fileRef = 1C3688081AE52D5500E2A083 /* pin.mtl */; };
		1C3688291AE52D5500E2A083 /* pin.obj in Resources */ = {isa = PBXBuildFile; fileRef = 1C3688091AE52D5500E2A083 /* pin.obj */; };
		1C36882A1AE52D5500E2A083 /* pin.png in Resources */ = {isa = PBXBuildFile; fileRef = 1C36880A1AE52D5500E2A083 /* pin.png */; };
		1C36882B1AE52D5500E2A083 /* stem.png in Resources */ = {isa = PBXBuildFile; fileRef = 1C36880B1AE52D5500E2A083 /* stem.png */; };
		1C36882F1AE52D5500E2A083 /* event_icon@2x.png in Resources */ = {isa = PBXBuildFile; fileRef = 1C3688101AE52D5500E2A083 /* event_icon@2x.png */; };
		1C3688301AE52D5500E2A083 /* event_icon@3x.png in Resources */ = {isa = PBXBuildFile; fileRef = 1C3688111AE52D5500E2A083 /* event_icon@3x.png */; };
		1C3688311AE52D5500E2A083 /* information_icon@2x.png in Resources */ = {isa = PBXBuildFile; fileRef = 1C3688121AE52D5500E2A083 /* information_icon@2x.png */; };
		1C3688321AE52D5500E2A083 /* information_icon@3x.png in Resources */ = {isa = PBXBuildFile; fileRef = 1C3688131AE52D5500E2A083 /* information_icon@3x.png */; };
		1C3688331AE52D5500E2A083 /* map_icon@2x.png in Resources */ = {isa = PBXBuildFile; fileRef = 1C3688141AE52D5500E2A083 /* map_icon@2x.png */; };
		1C3688341AE52D5500E2A083 /* map_icon@3x.png in Resources */ = {isa = PBXBuildFile; fileRef = 1C3688151AE52D5500E2A083 /* map_icon@3x.png */; };
		1C3688351AE52D5500E2A083 /* settings_icon@2x.png in Resources */ = {isa = PBXBuildFile; fileRef = 1C3688161AE52D5500E2A083 /* settings_icon@2x.png */; };
		1C3688361AE52D5500E2A083 /* settings_icon@3x.png in Resources */ = {isa = PBXBuildFile; fileRef = 1C3688171AE52D5500E2A083 /* settings_icon@3x.png */; };
		1C36883C1AE52E4C00E2A083 /* map_icon.xcassets in Resources */ = {isa = PBXBuildFile; fileRef = 1C36883B1AE52E4C00E2A083 /* map_icon.xcassets */; };
		1C36883E1AE52E7C00E2A083 /* information_icon.xcassets in Resources */ = {isa = PBXBuildFile; fileRef = 1C36883D1AE52E7C00E2A083 /* information_icon.xcassets */; };
		1C3688401AE52E9D00E2A083 /* event_icon.xcassets in Resources */ = {isa = PBXBuildFile; fileRef = 1C36883F1AE52E9D00E2A083 /* event_icon.xcassets */; };
		1C3688421AE52EB700E2A083 /* settings_icon.xcassets in Resources */ = {isa = PBXBuildFile; fileRef = 1C3688411AE52EB700E2A083 /* settings_icon.xcassets */; };
		1C38A0401B56832A00548D59 /* GPXCreator-2014-12-23 01:39:14 +0000.gpx in Resources */ = {isa = PBXBuildFile; fileRef = 1C38A03F1B56832A00548D59 /* GPXCreator-2014-12-23 01:39:14 +0000.gpx */; };
		1C3A6BA51B50CA1E002D1365 /* Parse.framework in Frameworks */ = {isa = PBXBuildFile; fileRef = 1C4886391B36F70E00A3164F /* Parse.framework */; };
		1C3A6BA61B50CA7A002D1365 /* libcocos2d iOS.a in Frameworks */ = {isa = PBXBuildFile; fileRef = 1C4886871B37024C00A3164F /* libcocos2d iOS.a */; };
		1C3A6BAD1B50CEE9002D1365 /* Security.framework in Frameworks */ = {isa = PBXBuildFile; fileRef = 1C3A6BAC1B50CEE9002D1365 /* Security.framework */; };
		1C3A6BB31B50CF22002D1365 /* OpenGLES.framework in Frameworks */ = {isa = PBXBuildFile; fileRef = 1C3A6BB21B50CF22002D1365 /* OpenGLES.framework */; };
		1C3A6BB71B50CFAB002D1365 /* CoreLocation.framework in Frameworks */ = {isa = PBXBuildFile; fileRef = 1C3A6BB61B50CFAB002D1365 /* CoreLocation.framework */; };
		1C3A6BB91B50D049002D1365 /* libz.tbd in Frameworks */ = {isa = PBXBuildFile; fileRef = 1C3A6BB81B50D049002D1365 /* libz.tbd */; };
		1C3A6BBB1B50D05B002D1365 /* libsqlite3.tbd in Frameworks */ = {isa = PBXBuildFile; fileRef = 1C3A6BBA1B50D05A002D1365 /* libsqlite3.tbd */; };
		1C3A6BBD1B50D066002D1365 /* Social.framework in Frameworks */ = {isa = PBXBuildFile; fileRef = 1C3A6BBC1B50D066002D1365 /* Social.framework */; };
		1C3A6BBF1B50D074002D1365 /* UIKit.framework in Frameworks */ = {isa = PBXBuildFile; fileRef = 1C3A6BBE1B50D074002D1365 /* UIKit.framework */; };
		1C3A6BC11B50D095002D1365 /* SystemConfiguration.framework in Frameworks */ = {isa = PBXBuildFile; fileRef = 1C3A6BC01B50D094002D1365 /* SystemConfiguration.framework */; };
		1C3A6BC31B50D0AF002D1365 /* MobileCoreServices.framework in Frameworks */ = {isa = PBXBuildFile; fileRef = 1C3A6BC21B50D0AE002D1365 /* MobileCoreServices.framework */; };
		1C3A6BC71B50D1D7002D1365 /* CoreMotion.framework in Frameworks */ = {isa = PBXBuildFile; fileRef = 1C3A6BC61B50D1D7002D1365 /* CoreMotion.framework */; };
		1C437E371B35997E00F9BFCD /* RankingViewController.m in Sources */ = {isa = PBXBuildFile; fileRef = 1C437E361B35997E00F9BFCD /* RankingViewController.m */; };
		1C4661831A8B96640025B3D1 /* PlanViewController.m in Sources */ = {isa = PBXBuildFile; fileRef = 1C4661821A8B96640025B3D1 /* PlanViewController.m */; };
		1C4661861A8B96890025B3D1 /* Information.m in Sources */ = {isa = PBXBuildFile; fileRef = 1C4661851A8B96890025B3D1 /* Information.m */; };
		1C46618B1A8B96D30025B3D1 /* FirstDayTableViewController.m in Sources */ = {isa = PBXBuildFile; fileRef = 1C4661881A8B96D30025B3D1 /* FirstDayTableViewController.m */; };
		1C46618C1A8B96D30025B3D1 /* SecondDayTableViewController.m in Sources */ = {isa = PBXBuildFile; fileRef = 1C46618A1A8B96D30025B3D1 /* SecondDayTableViewController.m */; };
		1C46618F1A8B971F0025B3D1 /* EventTableViewCell.m in Sources */ = {isa = PBXBuildFile; fileRef = 1C46618E1A8B971F0025B3D1 /* EventTableViewCell.m */; };
		1C4661921A8B97520025B3D1 /* DetailEventTableViewController.m in Sources */ = {isa = PBXBuildFile; fileRef = 1C4661911A8B97520025B3D1 /* DetailEventTableViewController.m */; };
		1C4661951A8B97B40025B3D1 /* EventTitleTableViewCell.m in Sources */ = {isa = PBXBuildFile; fileRef = 1C4661941A8B97B40025B3D1 /* EventTitleTableViewCell.m */; };
		1C4661981A8B97D10025B3D1 /* AddEventViewController.m in Sources */ = {isa = PBXBuildFile; fileRef = 1C4661971A8B97D10025B3D1 /* AddEventViewController.m */; };
		1C46619B1A8B98200025B3D1 /* StaticDataTableViewController.m in Sources */ = {isa = PBXBuildFile; fileRef = 1C46619A1A8B98200025B3D1 /* StaticDataTableViewController.m */; };
		1C46619E1A8B98E30025B3D1 /* UIPlaceholderTextView.m in Sources */ = {isa = PBXBuildFile; fileRef = 1C46619D1A8B98E30025B3D1 /* UIPlaceholderTextView.m */; };
		1C4661A41A8E3FC80025B3D1 /* EventButton.m in Sources */ = {isa = PBXBuildFile; fileRef = 1C4661A21A8E3FC80025B3D1 /* EventButton.m */; };
		1C6370E11B52A8FD00E35E11 /* NavigationBarWithSegmentedControl.m in Sources */ = {isa = PBXBuildFile; fileRef = 1C6370E01B52A8FD00E35E11 /* NavigationBarWithSegmentedControl.m */; };
		1C6370E41B52B9B200E35E11 /* good@2x.png in Resources */ = {isa = PBXBuildFile; fileRef = 1C6370E31B52B9B200E35E11 /* good@2x.png */; };
		1C7E341E1AE6897A00257C1E /* icon-29.png in Resources */ = {isa = PBXBuildFile; fileRef = 1C7E34161AE6897A00257C1E /* icon-29.png */; };
		1C7E341F1AE6897A00257C1E /* icon-29@2x.png in Resources */ = {isa = PBXBuildFile; fileRef = 1C7E34171AE6897A00257C1E /* icon-29@2x.png */; };
		1C7E34201AE6897A00257C1E /* icon-29@3x.png in Resources */ = {isa = PBXBuildFile; fileRef = 1C7E34181AE6897A00257C1E /* icon-29@3x.png */; };
		1C7E34211AE6897A00257C1E /* icon-40@2x.png in Resources */ = {isa = PBXBuildFile; fileRef = 1C7E34191AE6897A00257C1E /* icon-40@2x.png */; };
		1C7E34221AE6897A00257C1E /* icon-40@3x.png in Resources */ = {isa = PBXBuildFile; fileRef = 1C7E341A1AE6897A00257C1E /* icon-40@3x.png */; };
		1C7E34231AE6897A00257C1E /* icon-60@2x.png in Resources */ = {isa = PBXBuildFile; fileRef = 1C7E341B1AE6897A00257C1E /* icon-60@2x.png */; };
		1C7E34241AE6897A00257C1E /* icon-60@3x.png in Resources */ = {isa = PBXBuildFile; fileRef = 1C7E341C1AE6897A00257C1E /* icon-60@3x.png */; };
		1C7E34251AE6897A00257C1E /* iTunesArtwork@2x.png in Resources */ = {isa = PBXBuildFile; fileRef = 1C7E341D1AE6897A00257C1E /* iTunesArtwork@2x.png */; };
		1C7E34301AE68BD300257C1E /* Images.xcassets in Resources */ = {isa = PBXBuildFile; fileRef = 1C7E342F1AE68BD300257C1E /* Images.xcassets */; };
		1C7E34331AE8FC9600257C1E /* InformationViewController.m in Sources */ = {isa = PBXBuildFile; fileRef = 1C7E34321AE8FC9600257C1E /* InformationViewController.m */; };
		1C7E34361AE8FE5F00257C1E /* SettingsViewController.m in Sources */ = {isa = PBXBuildFile; fileRef = 1C7E34351AE8FE5F00257C1E /* SettingsViewController.m */; };
		1C7E34391AE932F100257C1E /* InformationDetailViewController.m in Sources */ = {isa = PBXBuildFile; fileRef = 1C7E34381AE932F100257C1E /* InformationDetailViewController.m */; };
		1C9E18A21A71413500DC4A37 /* AppDelegate.cpp in Sources */ = {isa = PBXBuildFile; fileRef = 1CA3F4ED1A57AA3B00D26299 /* AppDelegate.cpp */; };
		1CA3F48A1A562B1D00D26299 /* Storyboard.storyboard in Resources */ = {isa = PBXBuildFile; fileRef = 1CA3F4891A562B1D00D26299 /* Storyboard.storyboard */; };
		1CA3F4E31A57A5C600D26299 /* main.m in Sources */ = {isa = PBXBuildFile; fileRef = 1CA3F4E11A57A5C600D26299 /* main.m */; };
		1CA3F4E71A57A79400D26299 /* MyAppDelegate.mm in Sources */ = {isa = PBXBuildFile; fileRef = 1CA3F4E61A57A79400D26299 /* MyAppDelegate.mm */; };
		1CA3F4EF1A57AA3B00D26299 /* AppDelegate.cpp in Sources */ = {isa = PBXBuildFile; fileRef = 1CA3F4ED1A57AA3B00D26299 /* AppDelegate.cpp */; };
		1CCCD2591B58AC6D0010E3F6 /* MapInformationContainerVisualEffectViewController.m in Sources */ = {isa = PBXBuildFile; fileRef = 1CCCD2581B58AC6D0010E3F6 /* MapInformationContainerVisualEffectViewController.m */; };
		1CFA7B5E1AF8389F00D2BFF9 /* Bolts.framework in Frameworks */ = {isa = PBXBuildFile; fileRef = 1CFA7B5D1AF8389F00D2BFF9 /* Bolts.framework */; };
		1CFA7B861B08343100D2BFF9 /* MapNative.mm in Sources */ = {isa = PBXBuildFile; fileRef = 1CFA7B851B08343100D2BFF9 /* MapNative.mm */; };
		288765A50DF7441C002DB57D /* CoreGraphics.framework in Frameworks */ = {isa = PBXBuildFile; fileRef = 288765A40DF7441C002DB57D /* CoreGraphics.framework */; };
		46880B8A19C43A87006E1F66 /* HelloWorldScene.cpp in Sources */ = {isa = PBXBuildFile; fileRef = 46880B8619C43A87006E1F66 /* HelloWorldScene.cpp */; settings = {COMPILER_FLAGS = "-fno-objc-arc"; }; };
		46880B8B19C43A87006E1F66 /* HelloWorldScene.cpp in Sources */ = {isa = PBXBuildFile; fileRef = 46880B8619C43A87006E1F66 /* HelloWorldScene.cpp */; };
		503AE0F817EB97AB00D1A890 /* Icon.icns in Resources */ = {isa = PBXBuildFile; fileRef = 503AE0F617EB97AB00D1A890 /* Icon.icns */; };
		503AE10217EB989F00D1A890 /* RootViewController.mm in Sources */ = {isa = PBXBuildFile; fileRef = 503AE0FF17EB989F00D1A890 /* RootViewController.mm */; settings = {COMPILER_FLAGS = "-fno-objc-arc"; }; };
		503AE10517EB98FF00D1A890 /* main.cpp in Sources */ = {isa = PBXBuildFile; fileRef = 503AE10317EB98FF00D1A890 /* main.cpp */; };
		503AE11B17EB9C5A00D1A890 /* IOKit.framework in Frameworks */ = {isa = PBXBuildFile; fileRef = 503AE11A17EB9C5A00D1A890 /* IOKit.framework */; };
		5087E76817EB910900C73F5D /* QuartzCore.framework in Frameworks */ = {isa = PBXBuildFile; fileRef = BF1C47EA1293683800B63C5D /* QuartzCore.framework */; };
		5087E76917EB910900C73F5D /* OpenAL.framework in Frameworks */ = {isa = PBXBuildFile; fileRef = D44C620B132DFF330009C878 /* OpenAL.framework */; };
		5087E76A17EB910900C73F5D /* AVFoundation.framework in Frameworks */ = {isa = PBXBuildFile; fileRef = D44C620D132DFF430009C878 /* AVFoundation.framework */; };
		5087E76B17EB910900C73F5D /* AudioToolbox.framework in Frameworks */ = {isa = PBXBuildFile; fileRef = D44C620F132DFF4E0009C878 /* AudioToolbox.framework */; };
		5087E78917EB974C00C73F5D /* AppKit.framework in Frameworks */ = {isa = PBXBuildFile; fileRef = 5087E78817EB974C00C73F5D /* AppKit.framework */; };
		5087E78B17EB975400C73F5D /* OpenGL.framework in Frameworks */ = {isa = PBXBuildFile; fileRef = 5087E78A17EB975400C73F5D /* OpenGL.framework */; };
		BF1C47F01293687400B63C5D /* QuartzCore.framework in Frameworks */ = {isa = PBXBuildFile; fileRef = BF1C47EA1293683800B63C5D /* QuartzCore.framework */; };
		D44C620C132DFF330009C878 /* OpenAL.framework in Frameworks */ = {isa = PBXBuildFile; fileRef = D44C620B132DFF330009C878 /* OpenAL.framework */; };
		D44C620E132DFF430009C878 /* AVFoundation.framework in Frameworks */ = {isa = PBXBuildFile; fileRef = D44C620D132DFF430009C878 /* AVFoundation.framework */; };
		D44C6210132DFF4E0009C878 /* AudioToolbox.framework in Frameworks */ = {isa = PBXBuildFile; fileRef = D44C620F132DFF4E0009C878 /* AudioToolbox.framework */; };
/* End PBXBuildFile section */

/* Begin PBXContainerItemProxy section */
		1C4886841B37024C00A3164F /* PBXContainerItemProxy */ = {
			isa = PBXContainerItemProxy;
			containerPortal = 1C48867F1B37024900A3164F /* cocos2d_libs.xcodeproj */;
			proxyType = 2;
			remoteGlobalIDString = 1551A33F158F2AB200E66CFE;
			remoteInfo = "libcocos2d Mac";
		};
		1C4886861B37024C00A3164F /* PBXContainerItemProxy */ = {
			isa = PBXContainerItemProxy;
			containerPortal = 1C48867F1B37024900A3164F /* cocos2d_libs.xcodeproj */;
			proxyType = 2;
			remoteGlobalIDString = A07A4D641783777C0073F6A7;
			remoteInfo = "libcocos2d iOS";
		};
		1C4886891B37027800A3164F /* PBXContainerItemProxy */ = {
			isa = PBXContainerItemProxy;
			containerPortal = 1C48867F1B37024900A3164F /* cocos2d_libs.xcodeproj */;
			proxyType = 1;
			remoteGlobalIDString = A07A4C241783777C0073F6A7;
			remoteInfo = "libcocos2d iOS";
		};
		1C48868B1B37028000A3164F /* PBXContainerItemProxy */ = {
			isa = PBXContainerItemProxy;
			containerPortal = 1C48867F1B37024900A3164F /* cocos2d_libs.xcodeproj */;
			proxyType = 1;
			remoteGlobalIDString = 1551A33E158F2AB200E66CFE;
			remoteInfo = "libcocos2d Mac";
		};
/* End PBXContainerItemProxy section */

/* Begin PBXFileReference section */
		1C12915F1B3C2050008A4EC4 /* good@3x.png */ = {isa = PBXFileReference; lastKnownFileType = image.png; path = "good@3x.png"; sourceTree = "<group>"; };
		1C172E171B3D8457005237C0 /* MapInformationViewController.h */ = {isa = PBXFileReference; fileEncoding = 4; lastKnownFileType = sourcecode.c.h; path = MapInformationViewController.h; sourceTree = "<group>"; };
		1C172E181B3D8457005237C0 /* MapInformationViewController.m */ = {isa = PBXFileReference; fileEncoding = 4; lastKnownFileType = sourcecode.c.objc; path = MapInformationViewController.m; sourceTree = "<group>"; };
		1C25F1DE1B587DB700505141 /* story0.blend */ = {isa = PBXFileReference; lastKnownFileType = file; path = story0.blend; sourceTree = "<group>"; };
		1C25F1DF1B587DB700505141 /* story0.mtl */ = {isa = PBXFileReference; fileEncoding = 4; lastKnownFileType = text; path = story0.mtl; sourceTree = "<group>"; };
		1C25F1E01B587DB700505141 /* story0.obj */ = {isa = PBXFileReference; fileEncoding = 4; lastKnownFileType = text; path = story0.obj; sourceTree = "<group>"; };
		1C25F1E11B587DB700505141 /* story0.png */ = {isa = PBXFileReference; lastKnownFileType = image.png; path = story0.png; sourceTree = "<group>"; };
		1C25F1E21B587DB700505141 /* story1 transparent.png */ = {isa = PBXFileReference; lastKnownFileType = image.png; path = "story1 transparent.png"; sourceTree = "<group>"; };
		1C25F1E31B587DB700505141 /* story1.blend */ = {isa = PBXFileReference; lastKnownFileType = file; path = story1.blend; sourceTree = "<group>"; };
		1C25F1E51B587DB700505141 /* story1.mtl */ = {isa = PBXFileReference; fileEncoding = 4; lastKnownFileType = text; path = story1.mtl; sourceTree = "<group>"; };
		1C25F1E61B587DB700505141 /* story1.obj */ = {isa = PBXFileReference; fileEncoding = 4; lastKnownFileType = text; path = story1.obj; sourceTree = "<group>"; };
		1C25F1E71B587DB700505141 /* story2 transparent.png */ = {isa = PBXFileReference; lastKnownFileType = image.png; path = "story2 transparent.png"; sourceTree = "<group>"; };
		1C25F1E81B587DB700505141 /* story2.blend */ = {isa = PBXFileReference; lastKnownFileType = file; path = story2.blend; sourceTree = "<group>"; };
		1C25F1EA1B587DB700505141 /* story2.mtl */ = {isa = PBXFileReference; fileEncoding = 4; lastKnownFileType = text; path = story2.mtl; sourceTree = "<group>"; };
		1C25F1EB1B587DB700505141 /* story2.obj */ = {isa = PBXFileReference; fileEncoding = 4; lastKnownFileType = text; path = story2.obj; sourceTree = "<group>"; };
		1C2DFAE41B3C43EB00E20507 /* sky_back.JPG */ = {isa = PBXFileReference; lastKnownFileType = image.jpeg; path = sky_back.JPG; sourceTree = "<group>"; };
		1C2DFAE51B3C43EB00E20507 /* sky_bottom.JPG */ = {isa = PBXFileReference; lastKnownFileType = image.jpeg; path = sky_bottom.JPG; sourceTree = "<group>"; };
		1C2DFAE61B3C43EB00E20507 /* sky_front.JPG */ = {isa = PBXFileReference; lastKnownFileType = image.jpeg; path = sky_front.JPG; sourceTree = "<group>"; };
		1C2DFAE71B3C43EB00E20507 /* sky_left.JPG */ = {isa = PBXFileReference; lastKnownFileType = image.jpeg; path = sky_left.JPG; sourceTree = "<group>"; };
		1C2DFAE81B3C43EB00E20507 /* sky_right.JPG */ = {isa = PBXFileReference; lastKnownFileType = image.jpeg; path = sky_right.JPG; sourceTree = "<group>"; };
		1C2DFAE91B3C43EB00E20507 /* sky_top.JPG */ = {isa = PBXFileReference; lastKnownFileType = image.jpeg; path = sky_top.JPG; sourceTree = "<group>"; };
		1C3687FE1AE52D5400E2A083 /* story1.png */ = {isa = PBXFileReference; lastKnownFileType = image.png; path = story1.png; sourceTree = "<group>"; };
		1C3687FF1AE52D5400E2A083 /* story2 transparent.png */ = {isa = PBXFileReference; lastKnownFileType = image.png; path = "story2 transparent.png"; sourceTree = "<group>"; };
		1C3688001AE52D5400E2A083 /* story3 transparent.png */ = {isa = PBXFileReference; lastKnownFileType = image.png; path = "story3 transparent.png"; sourceTree = "<group>"; };
		1C3688011AE52D5400E2A083 /* Untitled.xcf */ = {isa = PBXFileReference; lastKnownFileType = file; path = Untitled.xcf; sourceTree = "<group>"; };
		1C3688041AE52D5500E2A083 /* pin.blend */ = {isa = PBXFileReference; lastKnownFileType = file; path = pin.blend; sourceTree = "<group>"; };
		1C3688061AE52D5500E2A083 /* pin.c3b */ = {isa = PBXFileReference; lastKnownFileType = file; path = pin.c3b; sourceTree = "<group>"; };
		1C3688081AE52D5500E2A083 /* pin.mtl */ = {isa = PBXFileReference; fileEncoding = 4; lastKnownFileType = text; path = pin.mtl; sourceTree = "<group>"; };
		1C3688091AE52D5500E2A083 /* pin.obj */ = {isa = PBXFileReference; fileEncoding = 4; lastKnownFileType = text; path = pin.obj; sourceTree = "<group>"; };
		1C36880A1AE52D5500E2A083 /* pin.png */ = {isa = PBXFileReference; lastKnownFileType = image.png; path = pin.png; sourceTree = "<group>"; };
		1C36880B1AE52D5500E2A083 /* stem.png */ = {isa = PBXFileReference; lastKnownFileType = image.png; path = stem.png; sourceTree = "<group>"; };
		1C3688101AE52D5500E2A083 /* event_icon@2x.png */ = {isa = PBXFileReference; lastKnownFileType = image.png; path = "event_icon@2x.png"; sourceTree = "<group>"; };
		1C3688111AE52D5500E2A083 /* event_icon@3x.png */ = {isa = PBXFileReference; lastKnownFileType = image.png; path = "event_icon@3x.png"; sourceTree = "<group>"; };
		1C3688121AE52D5500E2A083 /* information_icon@2x.png */ = {isa = PBXFileReference; lastKnownFileType = image.png; path = "information_icon@2x.png"; sourceTree = "<group>"; };
		1C3688131AE52D5500E2A083 /* information_icon@3x.png */ = {isa = PBXFileReference; lastKnownFileType = image.png; path = "information_icon@3x.png"; sourceTree = "<group>"; };
		1C3688141AE52D5500E2A083 /* map_icon@2x.png */ = {isa = PBXFileReference; lastKnownFileType = image.png; path = "map_icon@2x.png"; sourceTree = "<group>"; };
		1C3688151AE52D5500E2A083 /* map_icon@3x.png */ = {isa = PBXFileReference; lastKnownFileType = image.png; path = "map_icon@3x.png"; sourceTree = "<group>"; };
		1C3688161AE52D5500E2A083 /* settings_icon@2x.png */ = {isa = PBXFileReference; lastKnownFileType = image.png; path = "settings_icon@2x.png"; sourceTree = "<group>"; };
		1C3688171AE52D5500E2A083 /* settings_icon@3x.png */ = {isa = PBXFileReference; lastKnownFileType = image.png; path = "settings_icon@3x.png"; sourceTree = "<group>"; };
		1C36883B1AE52E4C00E2A083 /* map_icon.xcassets */ = {isa = PBXFileReference; lastKnownFileType = folder.assetcatalog; path = map_icon.xcassets; sourceTree = "<group>"; };
		1C36883D1AE52E7C00E2A083 /* information_icon.xcassets */ = {isa = PBXFileReference; lastKnownFileType = folder.assetcatalog; path = information_icon.xcassets; sourceTree = "<group>"; };
		1C36883F1AE52E9D00E2A083 /* event_icon.xcassets */ = {isa = PBXFileReference; lastKnownFileType = folder.assetcatalog; path = event_icon.xcassets; sourceTree = "<group>"; };
		1C3688411AE52EB700E2A083 /* settings_icon.xcassets */ = {isa = PBXFileReference; lastKnownFileType = folder.assetcatalog; path = settings_icon.xcassets; sourceTree = "<group>"; };
		1C38A03F1B56832A00548D59 /* GPXCreator-2014-12-23 01:39:14 +0000.gpx */ = {isa = PBXFileReference; fileEncoding = 4; lastKnownFileType = text.xml; path = "GPXCreator-2014-12-23 01:39:14 +0000.gpx"; sourceTree = "<group>"; };
		1C3A6BAA1B50CEC9002D1365 /* libz.1.1.3.tbd */ = {isa = PBXFileReference; lastKnownFileType = "sourcecode.text-based-dylib-definition"; name = libz.1.1.3.tbd; path = Platforms/iPhoneOS.platform/Developer/SDKs/iPhoneOS9.0.sdk/usr/lib/libz.1.1.3.tbd; sourceTree = DEVELOPER_DIR; };
		1C3A6BAC1B50CEE9002D1365 /* Security.framework */ = {isa = PBXFileReference; lastKnownFileType = wrapper.framework; name = Security.framework; path = Platforms/iPhoneOS.platform/Developer/SDKs/iPhoneOS9.0.sdk/System/Library/Frameworks/Security.framework; sourceTree = DEVELOPER_DIR; };
		1C3A6BAE1B50CEF6002D1365 /* Accelerate.framework */ = {isa = PBXFileReference; lastKnownFileType = wrapper.framework; name = Accelerate.framework; path = Platforms/iPhoneOS.platform/Developer/SDKs/iPhoneOS9.0.sdk/System/Library/Frameworks/Accelerate.framework; sourceTree = DEVELOPER_DIR; };
		1C3A6BB01B50CF0B002D1365 /* CFNetwork.framework */ = {isa = PBXFileReference; lastKnownFileType = wrapper.framework; name = CFNetwork.framework; path = Platforms/iPhoneOS.platform/Developer/SDKs/iPhoneOS9.0.sdk/System/Library/Frameworks/CFNetwork.framework; sourceTree = DEVELOPER_DIR; };
		1C3A6BB21B50CF22002D1365 /* OpenGLES.framework */ = {isa = PBXFileReference; lastKnownFileType = wrapper.framework; name = OpenGLES.framework; path = Platforms/iPhoneOS.platform/Developer/SDKs/iPhoneOS9.0.sdk/System/Library/Frameworks/OpenGLES.framework; sourceTree = DEVELOPER_DIR; };
		1C3A6BB41B50CF30002D1365 /* OpenAL.framework */ = {isa = PBXFileReference; lastKnownFileType = wrapper.framework; name = OpenAL.framework; path = Platforms/iPhoneOS.platform/Developer/SDKs/iPhoneOS9.0.sdk/System/Library/Frameworks/OpenAL.framework; sourceTree = DEVELOPER_DIR; };
		1C3A6BB61B50CFAB002D1365 /* CoreLocation.framework */ = {isa = PBXFileReference; lastKnownFileType = wrapper.framework; name = CoreLocation.framework; path = Platforms/iPhoneOS.platform/Developer/SDKs/iPhoneOS9.0.sdk/System/Library/Frameworks/CoreLocation.framework; sourceTree = DEVELOPER_DIR; };
		1C3A6BB81B50D049002D1365 /* libz.tbd */ = {isa = PBXFileReference; lastKnownFileType = "sourcecode.text-based-dylib-definition"; name = libz.tbd; path = Platforms/iPhoneOS.platform/Developer/SDKs/iPhoneOS9.0.sdk/usr/lib/libz.tbd; sourceTree = DEVELOPER_DIR; };
		1C3A6BBA1B50D05A002D1365 /* libsqlite3.tbd */ = {isa = PBXFileReference; lastKnownFileType = "sourcecode.text-based-dylib-definition"; name = libsqlite3.tbd; path = Platforms/iPhoneOS.platform/Developer/SDKs/iPhoneOS9.0.sdk/usr/lib/libsqlite3.tbd; sourceTree = DEVELOPER_DIR; };
		1C3A6BBC1B50D066002D1365 /* Social.framework */ = {isa = PBXFileReference; lastKnownFileType = wrapper.framework; name = Social.framework; path = Platforms/iPhoneOS.platform/Developer/SDKs/iPhoneOS9.0.sdk/System/Library/Frameworks/Social.framework; sourceTree = DEVELOPER_DIR; };
		1C3A6BBE1B50D074002D1365 /* UIKit.framework */ = {isa = PBXFileReference; lastKnownFileType = wrapper.framework; name = UIKit.framework; path = Platforms/iPhoneOS.platform/Developer/SDKs/iPhoneOS9.0.sdk/System/Library/Frameworks/UIKit.framework; sourceTree = DEVELOPER_DIR; };
		1C3A6BC01B50D094002D1365 /* SystemConfiguration.framework */ = {isa = PBXFileReference; lastKnownFileType = wrapper.framework; name = SystemConfiguration.framework; path = Platforms/iPhoneOS.platform/Developer/SDKs/iPhoneOS9.0.sdk/System/Library/Frameworks/SystemConfiguration.framework; sourceTree = DEVELOPER_DIR; };
		1C3A6BC21B50D0AE002D1365 /* MobileCoreServices.framework */ = {isa = PBXFileReference; lastKnownFileType = wrapper.framework; name = MobileCoreServices.framework; path = Platforms/iPhoneOS.platform/Developer/SDKs/iPhoneOS9.0.sdk/System/Library/Frameworks/MobileCoreServices.framework; sourceTree = DEVELOPER_DIR; };
		1C3A6BC41B50D117002D1365 /* Foundation.framework */ = {isa = PBXFileReference; lastKnownFileType = wrapper.framework; name = Foundation.framework; path = Platforms/iPhoneOS.platform/Developer/SDKs/iPhoneOS9.0.sdk/System/Library/Frameworks/Foundation.framework; sourceTree = DEVELOPER_DIR; };
		1C3A6BC61B50D1D7002D1365 /* CoreMotion.framework */ = {isa = PBXFileReference; lastKnownFileType = wrapper.framework; name = CoreMotion.framework; path = Platforms/iPhoneOS.platform/Developer/SDKs/iPhoneOS9.0.sdk/System/Library/Frameworks/CoreMotion.framework; sourceTree = DEVELOPER_DIR; };
		1C437E351B35997E00F9BFCD /* RankingViewController.h */ = {isa = PBXFileReference; fileEncoding = 4; lastKnownFileType = sourcecode.c.h; path = RankingViewController.h; sourceTree = "<group>"; };
		1C437E361B35997E00F9BFCD /* RankingViewController.m */ = {isa = PBXFileReference; fileEncoding = 4; lastKnownFileType = sourcecode.c.objc; path = RankingViewController.m; sourceTree = "<group>"; };
		1C4661811A8B96640025B3D1 /* PlanViewController.h */ = {isa = PBXFileReference; fileEncoding = 4; lastKnownFileType = sourcecode.c.h; path = PlanViewController.h; sourceTree = "<group>"; };
		1C4661821A8B96640025B3D1 /* PlanViewController.m */ = {isa = PBXFileReference; fileEncoding = 4; lastKnownFileType = sourcecode.c.objc; path = PlanViewController.m; sourceTree = "<group>"; };
		1C4661841A8B96890025B3D1 /* Information.h */ = {isa = PBXFileReference; fileEncoding = 4; lastKnownFileType = sourcecode.c.h; path = Information.h; sourceTree = "<group>"; };
		1C4661851A8B96890025B3D1 /* Information.m */ = {isa = PBXFileReference; fileEncoding = 4; lastKnownFileType = sourcecode.c.objc; path = Information.m; sourceTree = "<group>"; };
		1C4661871A8B96D30025B3D1 /* FirstDayTableViewController.h */ = {isa = PBXFileReference; fileEncoding = 4; lastKnownFileType = sourcecode.c.h; path = FirstDayTableViewController.h; sourceTree = "<group>"; };
		1C4661881A8B96D30025B3D1 /* FirstDayTableViewController.m */ = {isa = PBXFileReference; fileEncoding = 4; lastKnownFileType = sourcecode.c.objc; path = FirstDayTableViewController.m; sourceTree = "<group>"; };
		1C4661891A8B96D30025B3D1 /* SecondDayTableViewController.h */ = {isa = PBXFileReference; fileEncoding = 4; lastKnownFileType = sourcecode.c.h; path = SecondDayTableViewController.h; sourceTree = "<group>"; };
		1C46618A1A8B96D30025B3D1 /* SecondDayTableViewController.m */ = {isa = PBXFileReference; fileEncoding = 4; lastKnownFileType = sourcecode.c.objc; path = SecondDayTableViewController.m; sourceTree = "<group>"; };
		1C46618D1A8B971F0025B3D1 /* EventTableViewCell.h */ = {isa = PBXFileReference; fileEncoding = 4; lastKnownFileType = sourcecode.c.h; path = EventTableViewCell.h; sourceTree = "<group>"; };
		1C46618E1A8B971F0025B3D1 /* EventTableViewCell.m */ = {isa = PBXFileReference; fileEncoding = 4; lastKnownFileType = sourcecode.c.objc; path = EventTableViewCell.m; sourceTree = "<group>"; };
		1C4661901A8B97520025B3D1 /* DetailEventTableViewController.h */ = {isa = PBXFileReference; fileEncoding = 4; lastKnownFileType = sourcecode.c.h; path = DetailEventTableViewController.h; sourceTree = "<group>"; };
		1C4661911A8B97520025B3D1 /* DetailEventTableViewController.m */ = {isa = PBXFileReference; fileEncoding = 4; lastKnownFileType = sourcecode.c.objc; path = DetailEventTableViewController.m; sourceTree = "<group>"; };
		1C4661931A8B97B40025B3D1 /* EventTitleTableViewCell.h */ = {isa = PBXFileReference; fileEncoding = 4; lastKnownFileType = sourcecode.c.h; path = EventTitleTableViewCell.h; sourceTree = "<group>"; };
		1C4661941A8B97B40025B3D1 /* EventTitleTableViewCell.m */ = {isa = PBXFileReference; fileEncoding = 4; lastKnownFileType = sourcecode.c.objc; path = EventTitleTableViewCell.m; sourceTree = "<group>"; };
		1C4661961A8B97D10025B3D1 /* AddEventViewController.h */ = {isa = PBXFileReference; fileEncoding = 4; lastKnownFileType = sourcecode.c.h; path = AddEventViewController.h; sourceTree = "<group>"; };
		1C4661971A8B97D10025B3D1 /* AddEventViewController.m */ = {isa = PBXFileReference; fileEncoding = 4; lastKnownFileType = sourcecode.c.objc; path = AddEventViewController.m; sourceTree = "<group>"; };
		1C4661991A8B98200025B3D1 /* StaticDataTableViewController.h */ = {isa = PBXFileReference; fileEncoding = 4; lastKnownFileType = sourcecode.c.h; path = StaticDataTableViewController.h; sourceTree = "<group>"; };
		1C46619A1A8B98200025B3D1 /* StaticDataTableViewController.m */ = {isa = PBXFileReference; fileEncoding = 4; lastKnownFileType = sourcecode.c.objc; path = StaticDataTableViewController.m; sourceTree = "<group>"; };
		1C46619C1A8B98E30025B3D1 /* UIPlaceholderTextView.h */ = {isa = PBXFileReference; fileEncoding = 4; lastKnownFileType = sourcecode.c.h; path = UIPlaceholderTextView.h; sourceTree = "<group>"; };
		1C46619D1A8B98E30025B3D1 /* UIPlaceholderTextView.m */ = {isa = PBXFileReference; fileEncoding = 4; lastKnownFileType = sourcecode.c.objc; path = UIPlaceholderTextView.m; sourceTree = "<group>"; };
		1C4661A21A8E3FC80025B3D1 /* EventButton.m */ = {isa = PBXFileReference; fileEncoding = 4; lastKnownFileType = sourcecode.c.objc; path = EventButton.m; sourceTree = "<group>"; };
		1C4661A31A8E3FC80025B3D1 /* EventButton.h */ = {isa = PBXFileReference; fileEncoding = 4; lastKnownFileType = sourcecode.c.h; path = EventButton.h; sourceTree = "<group>"; };
		1C4886391B36F70E00A3164F /* Parse.framework */ = {isa = PBXFileReference; lastKnownFileType = wrapper.framework; name = Parse.framework; path = "../../../Downloads/parse-library-1.7.2/Parse.framework"; sourceTree = "<group>"; };
		1C48867F1B37024900A3164F /* cocos2d_libs.xcodeproj */ = {isa = PBXFileReference; lastKnownFileType = "wrapper.pb-project"; name = cocos2d_libs.xcodeproj; path = ../cocos2d/build/cocos2d_libs.xcodeproj; sourceTree = "<group>"; };
		1C6370DF1B52A8FD00E35E11 /* NavigationBarWithSegmentedControl.h */ = {isa = PBXFileReference; fileEncoding = 4; lastKnownFileType = sourcecode.c.h; path = NavigationBarWithSegmentedControl.h; sourceTree = "<group>"; };
		1C6370E01B52A8FD00E35E11 /* NavigationBarWithSegmentedControl.m */ = {isa = PBXFileReference; fileEncoding = 4; lastKnownFileType = sourcecode.c.objc; path = NavigationBarWithSegmentedControl.m; sourceTree = "<group>"; };
		1C6370E31B52B9B200E35E11 /* good@2x.png */ = {isa = PBXFileReference; lastKnownFileType = image.png; path = "good@2x.png"; sourceTree = "<group>"; };
		1C7E34161AE6897A00257C1E /* icon-29.png */ = {isa = PBXFileReference; lastKnownFileType = image.png; path = "icon-29.png"; sourceTree = "<group>"; };
		1C7E34171AE6897A00257C1E /* icon-29@2x.png */ = {isa = PBXFileReference; lastKnownFileType = image.png; path = "icon-29@2x.png"; sourceTree = "<group>"; };
		1C7E34181AE6897A00257C1E /* icon-29@3x.png */ = {isa = PBXFileReference; lastKnownFileType = image.png; path = "icon-29@3x.png"; sourceTree = "<group>"; };
		1C7E34191AE6897A00257C1E /* icon-40@2x.png */ = {isa = PBXFileReference; lastKnownFileType = image.png; path = "icon-40@2x.png"; sourceTree = "<group>"; };
		1C7E341A1AE6897A00257C1E /* icon-40@3x.png */ = {isa = PBXFileReference; lastKnownFileType = image.png; path = "icon-40@3x.png"; sourceTree = "<group>"; };
		1C7E341B1AE6897A00257C1E /* icon-60@2x.png */ = {isa = PBXFileReference; lastKnownFileType = image.png; path = "icon-60@2x.png"; sourceTree = "<group>"; };
		1C7E341C1AE6897A00257C1E /* icon-60@3x.png */ = {isa = PBXFileReference; lastKnownFileType = image.png; path = "icon-60@3x.png"; sourceTree = "<group>"; };
		1C7E341D1AE6897A00257C1E /* iTunesArtwork@2x.png */ = {isa = PBXFileReference; lastKnownFileType = image.png; path = "iTunesArtwork@2x.png"; sourceTree = "<group>"; };
		1C7E342F1AE68BD300257C1E /* Images.xcassets */ = {isa = PBXFileReference; lastKnownFileType = folder.assetcatalog; name = Images.xcassets; path = "Navinival iOS/Images.xcassets"; sourceTree = SOURCE_ROOT; };
		1C7E34311AE8FC9600257C1E /* InformationViewController.h */ = {isa = PBXFileReference; fileEncoding = 4; lastKnownFileType = sourcecode.c.h; path = InformationViewController.h; sourceTree = "<group>"; };
		1C7E34321AE8FC9600257C1E /* InformationViewController.m */ = {isa = PBXFileReference; fileEncoding = 4; lastKnownFileType = sourcecode.c.objc; path = InformationViewController.m; sourceTree = "<group>"; };
		1C7E34341AE8FE5F00257C1E /* SettingsViewController.h */ = {isa = PBXFileReference; fileEncoding = 4; lastKnownFileType = sourcecode.c.h; path = SettingsViewController.h; sourceTree = "<group>"; };
		1C7E34351AE8FE5F00257C1E /* SettingsViewController.m */ = {isa = PBXFileReference; fileEncoding = 4; lastKnownFileType = sourcecode.c.objc; path = SettingsViewController.m; sourceTree = "<group>"; };
		1C7E34371AE932F100257C1E /* InformationDetailViewController.h */ = {isa = PBXFileReference; fileEncoding = 4; lastKnownFileType = sourcecode.c.h; path = InformationDetailViewController.h; sourceTree = "<group>"; };
		1C7E34381AE932F100257C1E /* InformationDetailViewController.m */ = {isa = PBXFileReference; fileEncoding = 4; lastKnownFileType = sourcecode.c.objc; path = InformationDetailViewController.m; sourceTree = "<group>"; };
		1C9E189C1A7140F700DC4A37 /* Security.framework */ = {isa = PBXFileReference; lastKnownFileType = wrapper.framework; name = Security.framework; path = System/Library/Frameworks/Security.framework; sourceTree = SDKROOT; };
		1CA3F4891A562B1D00D26299 /* Storyboard.storyboard */ = {isa = PBXFileReference; fileEncoding = 4; lastKnownFileType = file.storyboard; path = Storyboard.storyboard; sourceTree = "<group>"; };
		1CA3F4E11A57A5C600D26299 /* main.m */ = {isa = PBXFileReference; fileEncoding = 4; lastKnownFileType = sourcecode.c.objc; path = main.m; sourceTree = "<group>"; };
		1CA3F4E51A57A79400D26299 /* MyAppDelegate.h */ = {isa = PBXFileReference; fileEncoding = 4; lastKnownFileType = sourcecode.c.h; path = MyAppDelegate.h; sourceTree = "<group>"; };
		1CA3F4E61A57A79400D26299 /* MyAppDelegate.mm */ = {isa = PBXFileReference; fileEncoding = 4; lastKnownFileType = sourcecode.cpp.objcpp; path = MyAppDelegate.mm; sourceTree = "<group>"; };
		1CA3F4ED1A57AA3B00D26299 /* AppDelegate.cpp */ = {isa = PBXFileReference; fileEncoding = 4; lastKnownFileType = sourcecode.cpp.cpp; path = AppDelegate.cpp; sourceTree = "<group>"; };
		1CA3F4EE1A57AA3B00D26299 /* AppDelegate.h */ = {isa = PBXFileReference; fileEncoding = 4; lastKnownFileType = sourcecode.c.h; path = AppDelegate.h; sourceTree = "<group>"; };
		1CCCD2571B58AC6D0010E3F6 /* MapInformationContainerVisualEffectViewController.h */ = {isa = PBXFileReference; fileEncoding = 4; lastKnownFileType = sourcecode.c.h; path = MapInformationContainerVisualEffectViewController.h; sourceTree = "<group>"; };
		1CCCD2581B58AC6D0010E3F6 /* MapInformationContainerVisualEffectViewController.m */ = {isa = PBXFileReference; fileEncoding = 4; lastKnownFileType = sourcecode.c.objc; path = MapInformationContainerVisualEffectViewController.m; sourceTree = "<group>"; };
		1CFA7B5D1AF8389F00D2BFF9 /* Bolts.framework */ = {isa = PBXFileReference; lastKnownFileType = wrapper.framework; path = Bolts.framework; sourceTree = "<group>"; };
		1CFA7B611AF838B400D2BFF9 /* Parse.framework */ = {isa = PBXFileReference; lastKnownFileType = wrapper.framework; path = Parse.framework; sourceTree = "<group>"; };
		1CFA7B821B08309E00D2BFF9 /* MapNative.h */ = {isa = PBXFileReference; fileEncoding = 4; lastKnownFileType = sourcecode.c.h; path = MapNative.h; sourceTree = "<group>"; };
		1CFA7B851B08343100D2BFF9 /* MapNative.mm */ = {isa = PBXFileReference; fileEncoding = 4; lastKnownFileType = sourcecode.cpp.objcpp; path = MapNative.mm; sourceTree = "<group>"; };
		1D6058910D05DD3D006BFB54 /* Navinival iOS.app */ = {isa = PBXFileReference; explicitFileType = wrapper.application; includeInIndex = 0; path = "Navinival iOS.app"; sourceTree = BUILT_PRODUCTS_DIR; };
		288765A40DF7441C002DB57D /* CoreGraphics.framework */ = {isa = PBXFileReference; lastKnownFileType = wrapper.framework; name = CoreGraphics.framework; path = System/Library/Frameworks/CoreGraphics.framework; sourceTree = SDKROOT; };
		46880B8619C43A87006E1F66 /* HelloWorldScene.cpp */ = {isa = PBXFileReference; fileEncoding = 4; lastKnownFileType = sourcecode.cpp.cpp; path = HelloWorldScene.cpp; sourceTree = "<group>"; };
		46880B8719C43A87006E1F66 /* HelloWorldScene.h */ = {isa = PBXFileReference; fileEncoding = 4; lastKnownFileType = sourcecode.c.h; path = HelloWorldScene.h; sourceTree = "<group>"; };
		503AE0F617EB97AB00D1A890 /* Icon.icns */ = {isa = PBXFileReference; lastKnownFileType = image.icns; path = Icon.icns; sourceTree = "<group>"; };
		503AE0F717EB97AB00D1A890 /* Info.plist */ = {isa = PBXFileReference; fileEncoding = 4; lastKnownFileType = text.plist.xml; path = Info.plist; sourceTree = "<group>"; };
		503AE0FD17EB989F00D1A890 /* Prefix.pch */ = {isa = PBXFileReference; fileEncoding = 4; lastKnownFileType = sourcecode.c.h; name = Prefix.pch; path = ios/Prefix.pch; sourceTree = SOURCE_ROOT; };
		503AE0FE17EB989F00D1A890 /* RootViewController.h */ = {isa = PBXFileReference; fileEncoding = 4; lastKnownFileType = sourcecode.c.h; name = RootViewController.h; path = ios/RootViewController.h; sourceTree = SOURCE_ROOT; };
		503AE0FF17EB989F00D1A890 /* RootViewController.mm */ = {isa = PBXFileReference; fileEncoding = 4; lastKnownFileType = sourcecode.cpp.objcpp; name = RootViewController.mm; path = ios/RootViewController.mm; sourceTree = SOURCE_ROOT; };
		503AE10317EB98FF00D1A890 /* main.cpp */ = {isa = PBXFileReference; fileEncoding = 4; lastKnownFileType = sourcecode.cpp.cpp; name = main.cpp; path = mac/main.cpp; sourceTree = "<group>"; };
		503AE10417EB98FF00D1A890 /* Prefix.pch */ = {isa = PBXFileReference; fileEncoding = 4; lastKnownFileType = sourcecode.c.h; name = Prefix.pch; path = mac/Prefix.pch; sourceTree = "<group>"; };
		503AE11A17EB9C5A00D1A890 /* IOKit.framework */ = {isa = PBXFileReference; lastKnownFileType = wrapper.framework; name = IOKit.framework; path = System/Library/Frameworks/IOKit.framework; sourceTree = SDKROOT; };
		5087E76F17EB910900C73F5D /* Navinival Mac.app */ = {isa = PBXFileReference; explicitFileType = wrapper.application; includeInIndex = 0; path = "Navinival Mac.app"; sourceTree = BUILT_PRODUCTS_DIR; };
		5087E78817EB974C00C73F5D /* AppKit.framework */ = {isa = PBXFileReference; lastKnownFileType = wrapper.framework; name = AppKit.framework; path = System/Library/Frameworks/AppKit.framework; sourceTree = SDKROOT; };
		5087E78A17EB975400C73F5D /* OpenGL.framework */ = {isa = PBXFileReference; lastKnownFileType = wrapper.framework; name = OpenGL.framework; path = System/Library/Frameworks/OpenGL.framework; sourceTree = SDKROOT; };
		BF1C47EA1293683800B63C5D /* QuartzCore.framework */ = {isa = PBXFileReference; lastKnownFileType = wrapper.framework; name = QuartzCore.framework; path = System/Library/Frameworks/QuartzCore.framework; sourceTree = SDKROOT; };
		D44C620B132DFF330009C878 /* OpenAL.framework */ = {isa = PBXFileReference; lastKnownFileType = wrapper.framework; name = OpenAL.framework; path = System/Library/Frameworks/OpenAL.framework; sourceTree = SDKROOT; };
		D44C620D132DFF430009C878 /* AVFoundation.framework */ = {isa = PBXFileReference; lastKnownFileType = wrapper.framework; name = AVFoundation.framework; path = System/Library/Frameworks/AVFoundation.framework; sourceTree = SDKROOT; };
		D44C620F132DFF4E0009C878 /* AudioToolbox.framework */ = {isa = PBXFileReference; lastKnownFileType = wrapper.framework; name = AudioToolbox.framework; path = System/Library/Frameworks/AudioToolbox.framework; sourceTree = SDKROOT; };
/* End PBXFileReference section */

/* Begin PBXFrameworksBuildPhase section */
		1D60588F0D05DD3D006BFB54 /* Frameworks */ = {
			isa = PBXFrameworksBuildPhase;
			buildActionMask = 2147483647;
			files = (
				1C3A6BC71B50D1D7002D1365 /* CoreMotion.framework in Frameworks */,
				1C3A6BC31B50D0AF002D1365 /* MobileCoreServices.framework in Frameworks */,
				1C3A6BC11B50D095002D1365 /* SystemConfiguration.framework in Frameworks */,
				1C3A6BBF1B50D074002D1365 /* UIKit.framework in Frameworks */,
				1C3A6BBD1B50D066002D1365 /* Social.framework in Frameworks */,
				1C3A6BBB1B50D05B002D1365 /* libsqlite3.tbd in Frameworks */,
				1C3A6BB91B50D049002D1365 /* libz.tbd in Frameworks */,
				1C3A6BB71B50CFAB002D1365 /* CoreLocation.framework in Frameworks */,
				1C3A6BB31B50CF22002D1365 /* OpenGLES.framework in Frameworks */,
				1C3A6BAD1B50CEE9002D1365 /* Security.framework in Frameworks */,
				1C3A6BA61B50CA7A002D1365 /* libcocos2d iOS.a in Frameworks */,
				1C3A6BA51B50CA1E002D1365 /* Parse.framework in Frameworks */,
				288765A50DF7441C002DB57D /* CoreGraphics.framework in Frameworks */,
				1CFA7B5E1AF8389F00D2BFF9 /* Bolts.framework in Frameworks */,
				BF1C47F01293687400B63C5D /* QuartzCore.framework in Frameworks */,
				D44C620C132DFF330009C878 /* OpenAL.framework in Frameworks */,
				D44C620E132DFF430009C878 /* AVFoundation.framework in Frameworks */,
				D44C6210132DFF4E0009C878 /* AudioToolbox.framework in Frameworks */,
			);
			runOnlyForDeploymentPostprocessing = 0;
		};
		5087E75C17EB910900C73F5D /* Frameworks */ = {
			isa = PBXFrameworksBuildPhase;
			buildActionMask = 2147483647;
			files = (
				503AE11B17EB9C5A00D1A890 /* IOKit.framework in Frameworks */,
				5087E78B17EB975400C73F5D /* OpenGL.framework in Frameworks */,
				5087E78917EB974C00C73F5D /* AppKit.framework in Frameworks */,
				5087E76817EB910900C73F5D /* QuartzCore.framework in Frameworks */,
				5087E76917EB910900C73F5D /* OpenAL.framework in Frameworks */,
				5087E76A17EB910900C73F5D /* AVFoundation.framework in Frameworks */,
				5087E76B17EB910900C73F5D /* AudioToolbox.framework in Frameworks */,
			);
			runOnlyForDeploymentPostprocessing = 0;
		};
/* End PBXFrameworksBuildPhase section */

/* Begin PBXGroup section */
		080E96DDFE201D6D7F000001 /* ios */ = {
			isa = PBXGroup;
			children = (
				5087E77117EB970100C73F5D /* Icons */,
				503AE0FD17EB989F00D1A890 /* Prefix.pch */,
				503AE0FE17EB989F00D1A890 /* RootViewController.h */,
				503AE0FF17EB989F00D1A890 /* RootViewController.mm */,
			);
			name = ios;
			path = Classes;
			sourceTree = "<group>";
		};
		19C28FACFE9D520D11CA2CBB /* Products */ = {
			isa = PBXGroup;
			children = (
				1D6058910D05DD3D006BFB54 /* Navinival iOS.app */,
				5087E76F17EB910900C73F5D /* Navinival Mac.app */,
			);
			name = Products;
			sourceTree = "<group>";
		};
		1C3687F51AE52D5400E2A083 /* Resources */ = {
			isa = PBXGroup;
			children = (
				1C7E34151AE6897A00257C1E /* icon */,
				1C36880F1AE52D5500E2A083 /* TabImages */,
				1C3687F61AE52D5400E2A083 /* 3d */,
			);
			path = Resources;
			sourceTree = "<group>";
		};
		1C3687F61AE52D5400E2A083 /* 3d */ = {
			isa = PBXGroup;
			children = (
				1C25F1DE1B587DB700505141 /* story0.blend */,
				1C25F1DF1B587DB700505141 /* story0.mtl */,
				1C25F1E01B587DB700505141 /* story0.obj */,
				1C25F1E11B587DB700505141 /* story0.png */,
				1C25F1E21B587DB700505141 /* story1 transparent.png */,
				1C25F1E31B587DB700505141 /* story1.blend */,
				1C25F1E51B587DB700505141 /* story1.mtl */,
				1C25F1E61B587DB700505141 /* story1.obj */,
				1C25F1E71B587DB700505141 /* story2 transparent.png */,
				1C25F1E81B587DB700505141 /* story2.blend */,
				1C25F1EA1B587DB700505141 /* story2.mtl */,
				1C25F1EB1B587DB700505141 /* story2.obj */,
				1C3687FD1AE52D5400E2A083 /* original */,
				1C3688041AE52D5500E2A083 /* pin.blend */,
				1C3688061AE52D5500E2A083 /* pin.c3b */,
				1C3688081AE52D5500E2A083 /* pin.mtl */,
				1C3688091AE52D5500E2A083 /* pin.obj */,
				1C36880A1AE52D5500E2A083 /* pin.png */,
				1C36880B1AE52D5500E2A083 /* stem.png */,
				1C2DFAE41B3C43EB00E20507 /* sky_back.JPG */,
				1C2DFAE51B3C43EB00E20507 /* sky_bottom.JPG */,
				1C2DFAE61B3C43EB00E20507 /* sky_front.JPG */,
				1C2DFAE71B3C43EB00E20507 /* sky_left.JPG */,
				1C2DFAE81B3C43EB00E20507 /* sky_right.JPG */,
				1C2DFAE91B3C43EB00E20507 /* sky_top.JPG */,
			);
			path = 3d;
			sourceTree = "<group>";
		};
		1C3687FD1AE52D5400E2A083 /* original */ = {
			isa = PBXGroup;
			children = (
				1C3687FE1AE52D5400E2A083 /* story1.png */,
				1C3687FF1AE52D5400E2A083 /* story2 transparent.png */,
				1C3688001AE52D5400E2A083 /* story3 transparent.png */,
				1C3688011AE52D5400E2A083 /* Untitled.xcf */,
			);
			path = original;
			sourceTree = "<group>";
		};
		1C36880F1AE52D5500E2A083 /* TabImages */ = {
			isa = PBXGroup;
			children = (
				1C36883B1AE52E4C00E2A083 /* map_icon.xcassets */,
				1C36883D1AE52E7C00E2A083 /* information_icon.xcassets */,
				1C36883F1AE52E9D00E2A083 /* event_icon.xcassets */,
				1C3688411AE52EB700E2A083 /* settings_icon.xcassets */,
				1C3688101AE52D5500E2A083 /* event_icon@2x.png */,
				1C3688111AE52D5500E2A083 /* event_icon@3x.png */,
				1C3688121AE52D5500E2A083 /* information_icon@2x.png */,
				1C3688131AE52D5500E2A083 /* information_icon@3x.png */,
				1C3688141AE52D5500E2A083 /* map_icon@2x.png */,
				1C3688151AE52D5500E2A083 /* map_icon@3x.png */,
				1C3688161AE52D5500E2A083 /* settings_icon@2x.png */,
				1C3688171AE52D5500E2A083 /* settings_icon@3x.png */,
			);
			path = TabImages;
			sourceTree = "<group>";
		};
		1C4886801B37024900A3164F /* Products */ = {
			isa = PBXGroup;
			children = (
				1C4886851B37024C00A3164F /* libcocos2d Mac.a */,
				1C4886871B37024C00A3164F /* libcocos2d iOS.a */,
			);
			name = Products;
			sourceTree = "<group>";
		};
		1C7E34151AE6897A00257C1E /* icon */ = {
			isa = PBXGroup;
			children = (
				1C7E342F1AE68BD300257C1E /* Images.xcassets */,
				1C7E34161AE6897A00257C1E /* icon-29.png */,
				1C7E34171AE6897A00257C1E /* icon-29@2x.png */,
				1C7E34181AE6897A00257C1E /* icon-29@3x.png */,
				1C7E34191AE6897A00257C1E /* icon-40@2x.png */,
				1C7E341A1AE6897A00257C1E /* icon-40@3x.png */,
				1C7E341B1AE6897A00257C1E /* icon-60@2x.png */,
				1C7E341C1AE6897A00257C1E /* icon-60@3x.png */,
				1C7E341D1AE6897A00257C1E /* iTunesArtwork@2x.png */,
				1C6370E31B52B9B200E35E11 /* good@2x.png */,
				1C12915F1B3C2050008A4EC4 /* good@3x.png */,
			);
			path = icon;
			sourceTree = "<group>";
		};
		1CA3F4E41A57A62B00D26299 /* Supporting Files */ = {
			isa = PBXGroup;
			children = (
				1CA3F4E11A57A5C600D26299 /* main.m */,
			);
			name = "Supporting Files";
			path = ../proj.ios_mac;
			sourceTree = "<group>";
		};
		29B97314FDCFA39411CA2CEA /* CustomTemplate */ = {
			isa = PBXGroup;
			children = (
				1C38A03F1B56832A00548D59 /* GPXCreator-2014-12-23 01:39:14 +0000.gpx */,
				1C48867F1B37024900A3164F /* cocos2d_libs.xcodeproj */,
				46880B8319C43A87006E1F66 /* Classes */,
				1C3687F51AE52D5400E2A083 /* Resources */,
				29B97323FDCFA39411CA2CEA /* Frameworks */,
				080E96DDFE201D6D7F000001 /* ios */,
				503AE10617EB990700D1A890 /* mac */,
				19C28FACFE9D520D11CA2CBB /* Products */,
			);
			name = CustomTemplate;
			sourceTree = "<group>";
		};
		29B97323FDCFA39411CA2CEA /* Frameworks */ = {
			isa = PBXGroup;
			children = (
				1C3A6BC61B50D1D7002D1365 /* CoreMotion.framework */,
				1C3A6BC41B50D117002D1365 /* Foundation.framework */,
				1C3A6BC21B50D0AE002D1365 /* MobileCoreServices.framework */,
				1C3A6BC01B50D094002D1365 /* SystemConfiguration.framework */,
				1C3A6BBE1B50D074002D1365 /* UIKit.framework */,
				1C3A6BBC1B50D066002D1365 /* Social.framework */,
				1C3A6BBA1B50D05A002D1365 /* libsqlite3.tbd */,
				1C3A6BB81B50D049002D1365 /* libz.tbd */,
				1C3A6BB61B50CFAB002D1365 /* CoreLocation.framework */,
				1C3A6BB41B50CF30002D1365 /* OpenAL.framework */,
				1C3A6BB21B50CF22002D1365 /* OpenGLES.framework */,
				1C3A6BB01B50CF0B002D1365 /* CFNetwork.framework */,
				1C3A6BAE1B50CEF6002D1365 /* Accelerate.framework */,
				1C3A6BAC1B50CEE9002D1365 /* Security.framework */,
				1C3A6BAA1B50CEC9002D1365 /* libz.1.1.3.tbd */,
				1C4886391B36F70E00A3164F /* Parse.framework */,
				1CFA7B5D1AF8389F00D2BFF9 /* Bolts.framework */,
				1CFA7B611AF838B400D2BFF9 /* Parse.framework */,
				1C9E189C1A7140F700DC4A37 /* Security.framework */,
				503AE11A17EB9C5A00D1A890 /* IOKit.framework */,
				5087E78A17EB975400C73F5D /* OpenGL.framework */,
				5087E78817EB974C00C73F5D /* AppKit.framework */,
				D44C620F132DFF4E0009C878 /* AudioToolbox.framework */,
				D44C620D132DFF430009C878 /* AVFoundation.framework */,
				288765A40DF7441C002DB57D /* CoreGraphics.framework */,
				D44C620B132DFF330009C878 /* OpenAL.framework */,
				BF1C47EA1293683800B63C5D /* QuartzCore.framework */,
			);
			name = Frameworks;
			sourceTree = "<group>";
		};
		46880B8319C43A87006E1F66 /* Classes */ = {
			isa = PBXGroup;
			children = (
				1CA3F4EE1A57AA3B00D26299 /* AppDelegate.h */,
				1CA3F4ED1A57AA3B00D26299 /* AppDelegate.cpp */,
				1CA3F4E51A57A79400D26299 /* MyAppDelegate.h */,
				1CA3F4E61A57A79400D26299 /* MyAppDelegate.mm */,
				1CA3F4891A562B1D00D26299 /* Storyboard.storyboard */,
				46880B8719C43A87006E1F66 /* HelloWorldScene.h */,
				46880B8619C43A87006E1F66 /* HelloWorldScene.cpp */,
				1CFA7B821B08309E00D2BFF9 /* MapNative.h */,
				1CFA7B851B08343100D2BFF9 /* MapNative.mm */,
				1CCCD2571B58AC6D0010E3F6 /* MapInformationContainerVisualEffectViewController.h */,
				1CCCD2581B58AC6D0010E3F6 /* MapInformationContainerVisualEffectViewController.m */,
				1C172E171B3D8457005237C0 /* MapInformationViewController.h */,
				1C172E181B3D8457005237C0 /* MapInformationViewController.m */,
				1C4661811A8B96640025B3D1 /* PlanViewController.h */,
				1C4661821A8B96640025B3D1 /* PlanViewController.m */,
				1C7E34311AE8FC9600257C1E /* InformationViewController.h */,
				1C7E34321AE8FC9600257C1E /* InformationViewController.m */,
				1C7E34371AE932F100257C1E /* InformationDetailViewController.h */,
				1C7E34381AE932F100257C1E /* InformationDetailViewController.m */,
				1C437E351B35997E00F9BFCD /* RankingViewController.h */,
				1C437E361B35997E00F9BFCD /* RankingViewController.m */,
				1C7E34341AE8FE5F00257C1E /* SettingsViewController.h */,
				1C7E34351AE8FE5F00257C1E /* SettingsViewController.m */,
				1C4661841A8B96890025B3D1 /* Information.h */,
				1C4661851A8B96890025B3D1 /* Information.m */,
				1C4661871A8B96D30025B3D1 /* FirstDayTableViewController.h */,
				1C4661881A8B96D30025B3D1 /* FirstDayTableViewController.m */,
				1C4661891A8B96D30025B3D1 /* SecondDayTableViewController.h */,
				1C46618A1A8B96D30025B3D1 /* SecondDayTableViewController.m */,
				1C4661A21A8E3FC80025B3D1 /* EventButton.m */,
				1C4661A31A8E3FC80025B3D1 /* EventButton.h */,
				1C46618D1A8B971F0025B3D1 /* EventTableViewCell.h */,
				1C46618E1A8B971F0025B3D1 /* EventTableViewCell.m */,
				1C4661931A8B97B40025B3D1 /* EventTitleTableViewCell.h */,
				1C4661941A8B97B40025B3D1 /* EventTitleTableViewCell.m */,
				1C4661961A8B97D10025B3D1 /* AddEventViewController.h */,
				1C4661971A8B97D10025B3D1 /* AddEventViewController.m */,
				1C4661901A8B97520025B3D1 /* DetailEventTableViewController.h */,
				1C4661911A8B97520025B3D1 /* DetailEventTableViewController.m */,
				1C4661991A8B98200025B3D1 /* StaticDataTableViewController.h */,
				1C46619A1A8B98200025B3D1 /* StaticDataTableViewController.m */,
				1C46619C1A8B98E30025B3D1 /* UIPlaceholderTextView.h */,
				1C46619D1A8B98E30025B3D1 /* UIPlaceholderTextView.m */,
				1C6370DF1B52A8FD00E35E11 /* NavigationBarWithSegmentedControl.h */,
				1C6370E01B52A8FD00E35E11 /* NavigationBarWithSegmentedControl.m */,
				1CA3F4E41A57A62B00D26299 /* Supporting Files */,
			);
			name = Classes;
			path = ../Classes;
			sourceTree = "<group>";
		};
		503AE0F517EB97AB00D1A890 /* Icons */ = {
			isa = PBXGroup;
			children = (
				503AE0F617EB97AB00D1A890 /* Icon.icns */,
				503AE0F717EB97AB00D1A890 /* Info.plist */,
			);
			name = Icons;
			path = mac;
			sourceTree = SOURCE_ROOT;
		};
		503AE10617EB990700D1A890 /* mac */ = {
			isa = PBXGroup;
			children = (
				503AE0F517EB97AB00D1A890 /* Icons */,
				503AE10317EB98FF00D1A890 /* main.cpp */,
				503AE10417EB98FF00D1A890 /* Prefix.pch */,
			);
			name = mac;
			sourceTree = "<group>";
		};
		5087E77117EB970100C73F5D /* Icons */ = {
			isa = PBXGroup;
			children = (
			);
			name = Icons;
			path = ios;
			sourceTree = SOURCE_ROOT;
		};
/* End PBXGroup section */

/* Begin PBXNativeTarget section */
		1D6058900D05DD3D006BFB54 /* Navinival iOS */ = {
			isa = PBXNativeTarget;
			buildConfigurationList = 1D6058960D05DD3E006BFB54 /* Build configuration list for PBXNativeTarget "Navinival iOS" */;
			buildPhases = (
				1D60588D0D05DD3D006BFB54 /* Resources */,
				1D60588E0D05DD3D006BFB54 /* Sources */,
				1D60588F0D05DD3D006BFB54 /* Frameworks */,
			);
			buildRules = (
			);
			dependencies = (
				1C48868A1B37027800A3164F /* PBXTargetDependency */,
			);
			name = "Navinival iOS";
			productName = iphone;
			productReference = 1D6058910D05DD3D006BFB54 /* Navinival iOS.app */;
			productType = "com.apple.product-type.application";
		};
		5087E73D17EB910900C73F5D /* Navinival Mac */ = {
			isa = PBXNativeTarget;
			buildConfigurationList = 5087E76C17EB910900C73F5D /* Build configuration list for PBXNativeTarget "Navinival Mac" */;
			buildPhases = (
				5087E74817EB910900C73F5D /* Resources */,
				5087E75617EB910900C73F5D /* Sources */,
				5087E75C17EB910900C73F5D /* Frameworks */,
			);
			buildRules = (
			);
			dependencies = (
				1C48868C1B37028000A3164F /* PBXTargetDependency */,
			);
			name = "Navinival Mac";
			productName = iphone;
			productReference = 5087E76F17EB910900C73F5D /* Navinival Mac.app */;
			productType = "com.apple.product-type.application";
		};
/* End PBXNativeTarget section */

/* Begin PBXProject section */
		29B97313FDCFA39411CA2CEA /* Project object */ = {
			isa = PBXProject;
			attributes = {
				LastUpgradeCheck = 0700;
				TargetAttributes = {
					1D6058900D05DD3D006BFB54 = {
						DevelopmentTeam = T3PN5G995F;
						SystemCapabilities = {
							com.apple.InAppPurchase = {
								enabled = 0;
							};
						};
					};
				};
			};
			buildConfigurationList = C01FCF4E08A954540054247B /* Build configuration list for PBXProject "Navinival" */;
			compatibilityVersion = "Xcode 3.2";
			developmentRegion = English;
			hasScannedForEncodings = 1;
			knownRegions = (
				English,
				Japanese,
				French,
				German,
			);
			mainGroup = 29B97314FDCFA39411CA2CEA /* CustomTemplate */;
			projectDirPath = "";
			projectReferences = (
				{
					ProductGroup = 1C4886801B37024900A3164F /* Products */;
					ProjectRef = 1C48867F1B37024900A3164F /* cocos2d_libs.xcodeproj */;
				},
			);
			projectRoot = "";
			targets = (
				1D6058900D05DD3D006BFB54 /* Navinival iOS */,
				5087E73D17EB910900C73F5D /* Navinival Mac */,
			);
		};
/* End PBXProject section */

/* Begin PBXReferenceProxy section */
		1C4886851B37024C00A3164F /* libcocos2d Mac.a */ = {
			isa = PBXReferenceProxy;
			fileType = archive.ar;
			path = "libcocos2d Mac.a";
			remoteRef = 1C4886841B37024C00A3164F /* PBXContainerItemProxy */;
			sourceTree = BUILT_PRODUCTS_DIR;
		};
		1C4886871B37024C00A3164F /* libcocos2d iOS.a */ = {
			isa = PBXReferenceProxy;
			fileType = archive.ar;
			path = "libcocos2d iOS.a";
			remoteRef = 1C4886861B37024C00A3164F /* PBXContainerItemProxy */;
			sourceTree = BUILT_PRODUCTS_DIR;
		};
/* End PBXReferenceProxy section */

/* Begin PBXResourcesBuildPhase section */
		1D60588D0D05DD3D006BFB54 /* Resources */ = {
			isa = PBXResourcesBuildPhase;
			buildActionMask = 2147483647;
			files = (
				1C7E341F1AE6897A00257C1E /* icon-29@2x.png in Resources */,
				1C25F1F01B587DB700505141 /* story1 transparent.png in Resources */,
				1C25F1F61B587DB700505141 /* story2.blend in Resources */,
				1C3688211AE52D5500E2A083 /* Untitled.xcf in Resources */,
				1C25F1F41B587DB700505141 /* story1.obj in Resources */,
				1C6370E41B52B9B200E35E11 /* good@2x.png in Resources */,
				1C3688201AE52D5500E2A083 /* story3 transparent.png in Resources */,
				1C25F1F91B587DB700505141 /* story2.obj in Resources */,
				1C7E341E1AE6897A00257C1E /* icon-29.png in Resources */,
				1C36883E1AE52E7C00E2A083 /* information_icon.xcassets in Resources */,
				1C7E34221AE6897A00257C1E /* icon-40@3x.png in Resources */,
				1C3688351AE52D5500E2A083 /* settings_icon@2x.png in Resources */,
				1C3688321AE52D5500E2A083 /* information_icon@3x.png in Resources */,
				1C3688301AE52D5500E2A083 /* event_icon@3x.png in Resources */,
				1C3688281AE52D5500E2A083 /* pin.mtl in Resources */,
				1C7E34201AE6897A00257C1E /* icon-29@3x.png in Resources */,
				1C38A0401B56832A00548D59 /* GPXCreator-2014-12-23 01:39:14 +0000.gpx in Resources */,
				1C3688261AE52D5500E2A083 /* pin.c3b in Resources */,
				1C3688361AE52D5500E2A083 /* settings_icon@3x.png in Resources */,
				1C36882B1AE52D5500E2A083 /* stem.png in Resources */,
				1C3688341AE52D5500E2A083 /* map_icon@3x.png in Resources */,
				1C36882F1AE52D5500E2A083 /* event_icon@2x.png in Resources */,
				1C25F1EF1B587DB700505141 /* story0.png in Resources */,
				1C3688421AE52EB700E2A083 /* settings_icon.xcassets in Resources */,
				1CA3F48A1A562B1D00D26299 /* Storyboard.storyboard in Resources */,
				1C1291611B3C2050008A4EC4 /* good@3x.png in Resources */,
				1C36883C1AE52E4C00E2A083 /* map_icon.xcassets in Resources */,
				1C25F1F11B587DB700505141 /* story1.blend in Resources */,
				1C25F1ED1B587DB700505141 /* story0.mtl in Resources */,
				1C3688241AE52D5500E2A083 /* pin.blend in Resources */,
				1C7E34251AE6897A00257C1E /* iTunesArtwork@2x.png in Resources */,
				1C25F1F31B587DB700505141 /* story1.mtl in Resources */,
				1C25F1EC1B587DB700505141 /* story0.blend in Resources */,
				1C3688331AE52D5500E2A083 /* map_icon@2x.png in Resources */,
				1C2DFAEC1B3C43EB00E20507 /* sky_front.JPG in Resources */,
				1C2DFAED1B3C43EB00E20507 /* sky_left.JPG in Resources */,
				1C2DFAEA1B3C43EB00E20507 /* sky_back.JPG in Resources */,
				1C25F1F51B587DB700505141 /* story2 transparent.png in Resources */,
				1C36882A1AE52D5500E2A083 /* pin.png in Resources */,
				1C3688401AE52E9D00E2A083 /* event_icon.xcassets in Resources */,
				1C3688291AE52D5500E2A083 /* pin.obj in Resources */,
				1C2DFAEE1B3C43EB00E20507 /* sky_right.JPG in Resources */,
				1C3688311AE52D5500E2A083 /* information_icon@2x.png in Resources */,
				1C7E34301AE68BD300257C1E /* Images.xcassets in Resources */,
				1C36881F1AE52D5500E2A083 /* story2 transparent.png in Resources */,
				1C7E34211AE6897A00257C1E /* icon-40@2x.png in Resources */,
				1C7E34241AE6897A00257C1E /* icon-60@3x.png in Resources */,
				1C7E34231AE6897A00257C1E /* icon-60@2x.png in Resources */,
				1C25F1EE1B587DB700505141 /* story0.obj in Resources */,
				1C25F1F81B587DB700505141 /* story2.mtl in Resources */,
				1C2DFAEF1B3C43EB00E20507 /* sky_top.JPG in Resources */,
				1C36881E1AE52D5500E2A083 /* story1.png in Resources */,
				1C2DFAEB1B3C43EB00E20507 /* sky_bottom.JPG in Resources */,
			);
			runOnlyForDeploymentPostprocessing = 0;
		};
		5087E74817EB910900C73F5D /* Resources */ = {
			isa = PBXResourcesBuildPhase;
			buildActionMask = 2147483647;
			files = (
				503AE0F817EB97AB00D1A890 /* Icon.icns in Resources */,
			);
			runOnlyForDeploymentPostprocessing = 0;
		};
/* End PBXResourcesBuildPhase section */

/* Begin PBXSourcesBuildPhase section */
		1D60588E0D05DD3D006BFB54 /* Sources */ = {
			isa = PBXSourcesBuildPhase;
			buildActionMask = 2147483647;
			files = (
				46880B8A19C43A87006E1F66 /* HelloWorldScene.cpp in Sources */,
				1C46619E1A8B98E30025B3D1 /* UIPlaceholderTextView.m in Sources */,
				1C4661921A8B97520025B3D1 /* DetailEventTableViewController.m in Sources */,
				1CFA7B861B08343100D2BFF9 /* MapNative.mm in Sources */,
				1C7E34361AE8FE5F00257C1E /* SettingsViewController.m in Sources */,
				1CCCD2591B58AC6D0010E3F6 /* MapInformationContainerVisualEffectViewController.m in Sources */,
				1C7E34331AE8FC9600257C1E /* InformationViewController.m in Sources */,
				1C172E191B3D8457005237C0 /* MapInformationViewController.m in Sources */,
				1C6370E11B52A8FD00E35E11 /* NavigationBarWithSegmentedControl.m in Sources */,
				503AE10217EB989F00D1A890 /* RootViewController.mm in Sources */,
				1C4661951A8B97B40025B3D1 /* EventTitleTableViewCell.m in Sources */,
				1C4661831A8B96640025B3D1 /* PlanViewController.m in Sources */,
				1C4661A41A8E3FC80025B3D1 /* EventButton.m in Sources */,
				1C4661861A8B96890025B3D1 /* Information.m in Sources */,
				1C46618F1A8B971F0025B3D1 /* EventTableViewCell.m in Sources */,
				1C4661981A8B97D10025B3D1 /* AddEventViewController.m in Sources */,
				1CA3F4E31A57A5C600D26299 /* main.m in Sources */,
				1C46619B1A8B98200025B3D1 /* StaticDataTableViewController.m in Sources */,
				1C46618C1A8B96D30025B3D1 /* SecondDayTableViewController.m in Sources */,
				1C46618B1A8B96D30025B3D1 /* FirstDayTableViewController.m in Sources */,
				1C437E371B35997E00F9BFCD /* RankingViewController.m in Sources */,
				1C7E34391AE932F100257C1E /* InformationDetailViewController.m in Sources */,
				1CA3F4EF1A57AA3B00D26299 /* AppDelegate.cpp in Sources */,
				1CA3F4E71A57A79400D26299 /* MyAppDelegate.mm in Sources */,
			);
			runOnlyForDeploymentPostprocessing = 0;
		};
		5087E75617EB910900C73F5D /* Sources */ = {
			isa = PBXSourcesBuildPhase;
			buildActionMask = 2147483647;
			files = (
				1C9E18A21A71413500DC4A37 /* AppDelegate.cpp in Sources */,
				503AE10517EB98FF00D1A890 /* main.cpp in Sources */,
				46880B8B19C43A87006E1F66 /* HelloWorldScene.cpp in Sources */,
			);
			runOnlyForDeploymentPostprocessing = 0;
		};
/* End PBXSourcesBuildPhase section */

/* Begin PBXTargetDependency section */
		1C48868A1B37027800A3164F /* PBXTargetDependency */ = {
			isa = PBXTargetDependency;
			name = "libcocos2d iOS";
			targetProxy = 1C4886891B37027800A3164F /* PBXContainerItemProxy */;
		};
		1C48868C1B37028000A3164F /* PBXTargetDependency */ = {
			isa = PBXTargetDependency;
			name = "libcocos2d Mac";
			targetProxy = 1C48868B1B37028000A3164F /* PBXContainerItemProxy */;
		};
/* End PBXTargetDependency section */

/* Begin XCBuildConfiguration section */
		1D6058940D05DD3E006BFB54 /* Debug */ = {
			isa = XCBuildConfiguration;
			buildSettings = {
				ALWAYS_SEARCH_USER_PATHS = YES;
				ASSETCATALOG_COMPILER_APPICON_NAME = AppIcon;
				ASSETCATALOG_COMPILER_LAUNCHIMAGE_NAME = LaunchImage;
				CLANG_ENABLE_OBJC_ARC = YES;
				CODE_SIGN_IDENTITY = "iPhone Developer";
				"CODE_SIGN_IDENTITY[sdk=iphoneos*]" = "iPhone Developer: TAKUTO MUGURUMA (72223GX989)";
				COMPRESS_PNG_FILES = NO;
				ENABLE_BITCODE = NO;
				FRAMEWORK_SEARCH_PATHS = (
					"$(inherited)",
					"$(PROJECT_DIR)",
					"/Users/Takuto/Downloads/parse-library-1.7.2",
				);
				GCC_DYNAMIC_NO_PIC = NO;
				GCC_INLINES_ARE_PRIVATE_EXTERN = NO;
				GCC_PRECOMPILE_PREFIX_HEADER = YES;
				GCC_PREFIX_HEADER = ios/Prefix.pch;
				GCC_PREPROCESSOR_DEFINITIONS = (
					USE_FILE32API,
					CC_TARGET_OS_IPHONE,
					"COCOS2D_DEBUG=1",
					"CC_ENABLE_CHIPMUNK_INTEGRATION=1",
				);
				GCC_SYMBOLS_PRIVATE_EXTERN = NO;
				HEADER_SEARCH_PATHS = (
					"$(inherited)",
					"$(SRCROOT)/../cocos2d/cocos/platform/ios",
					"$(SRCROOT)/../cocos2d/cocos/platform/ios/Simulation",
				);
				INFOPLIST_FILE = ios/Info.plist;
				IPHONEOS_DEPLOYMENT_TARGET = 9.0;
				LIBRARY_SEARCH_PATHS = "";
				PRODUCT_BUNDLE_IDENTIFIER = innew.ios.Navinival;
				PRODUCT_NAME = "Navinival iOS";
				PROVISIONING_PROFILE = "5762f24a-f7d5-4cba-8432-60ae1e7fa5b4";
				SDKROOT = iphoneos9.0;
				TARGETED_DEVICE_FAMILY = 1;
				USER_HEADER_SEARCH_PATHS = "";
				VALID_ARCHS = "arm64 armv7";
			};
			name = Debug;
		};
		1D6058950D05DD3E006BFB54 /* Release */ = {
			isa = XCBuildConfiguration;
			buildSettings = {
				ALWAYS_SEARCH_USER_PATHS = YES;
				ASSETCATALOG_COMPILER_APPICON_NAME = AppIcon;
				ASSETCATALOG_COMPILER_LAUNCHIMAGE_NAME = LaunchImage;
				CLANG_ENABLE_OBJC_ARC = YES;
				CODE_SIGN_IDENTITY = "iPhone Developer";
				"CODE_SIGN_IDENTITY[sdk=iphoneos*]" = "iPhone Developer: TAKUTO MUGURUMA (72223GX989)";
				COMPRESS_PNG_FILES = NO;
				ENABLE_BITCODE = NO;
				FRAMEWORK_SEARCH_PATHS = (
					"$(inherited)",
					"$(PROJECT_DIR)",
					"/Users/Takuto/Downloads/parse-library-1.7.2",
				);
				GCC_INLINES_ARE_PRIVATE_EXTERN = NO;
				GCC_PRECOMPILE_PREFIX_HEADER = YES;
				GCC_PREFIX_HEADER = ios/Prefix.pch;
				GCC_PREPROCESSOR_DEFINITIONS = (
					USE_FILE32API,
					CC_TARGET_OS_IPHONE,
					"CC_ENABLE_CHIPMUNK_INTEGRATION=1",
				);
				GCC_SYMBOLS_PRIVATE_EXTERN = NO;
				HEADER_SEARCH_PATHS = (
					"$(inherited)",
					"$(SRCROOT)/../cocos2d/cocos/platform/ios",
					"$(SRCROOT)/../cocos2d/cocos/platform/ios/Simulation",
				);
				INFOPLIST_FILE = ios/Info.plist;
				IPHONEOS_DEPLOYMENT_TARGET = 9.0;
				LIBRARY_SEARCH_PATHS = "";
				PRODUCT_BUNDLE_IDENTIFIER = innew.ios.Navinival;
				PRODUCT_NAME = "Navinival iOS";
				PROVISIONING_PROFILE = "5762f24a-f7d5-4cba-8432-60ae1e7fa5b4";
				SDKROOT = iphoneos9.0;
				TARGETED_DEVICE_FAMILY = 1;
				USER_HEADER_SEARCH_PATHS = "";
				VALID_ARCHS = "arm64 armv7";
			};
			name = Release;
		};
		5087E76D17EB910900C73F5D /* Debug */ = {
			isa = XCBuildConfiguration;
			buildSettings = {
				ALWAYS_SEARCH_USER_PATHS = YES;
				CLANG_CXX_LANGUAGE_STANDARD = "c++0x";
				CLANG_CXX_LIBRARY = "libc++";
				COMBINE_HIDPI_IMAGES = YES;
				GCC_DYNAMIC_NO_PIC = NO;
				GCC_INLINES_ARE_PRIVATE_EXTERN = NO;
				GCC_PRECOMPILE_PREFIX_HEADER = YES;
				GCC_PREFIX_HEADER = mac/Prefix.pch;
				GCC_PREPROCESSOR_DEFINITIONS = (
					USE_FILE32API,
					CC_TARGET_OS_MAC,
					"COCOS2D_DEBUG=1",
					"CC_ENABLE_CHIPMUNK_INTEGRATION=1",
				);
				GCC_SYMBOLS_PRIVATE_EXTERN = NO;
				HEADER_SEARCH_PATHS = (
					"$(inherited)",
					"$(SRCROOT)/../cocos2d/cocos/platform/mac",
					"$(SRCROOT)/../cocos2d/external/glfw3/include/mac",
				);
				INFOPLIST_FILE = mac/Info.plist;
				LIBRARY_SEARCH_PATHS = "";
				PRODUCT_BUNDLE_IDENTIFIER = jp.cocos2dx.newgame;
				PRODUCT_NAME = "Navinival Mac";
				USER_HEADER_SEARCH_PATHS = "";
			};
			name = Debug;
		};
		5087E76E17EB910900C73F5D /* Release */ = {
			isa = XCBuildConfiguration;
			buildSettings = {
				ALWAYS_SEARCH_USER_PATHS = YES;
				CLANG_CXX_LANGUAGE_STANDARD = "c++0x";
				CLANG_CXX_LIBRARY = "libc++";
				COMBINE_HIDPI_IMAGES = YES;
				GCC_INLINES_ARE_PRIVATE_EXTERN = NO;
				GCC_PRECOMPILE_PREFIX_HEADER = YES;
				GCC_PREFIX_HEADER = mac/Prefix.pch;
				GCC_PREPROCESSOR_DEFINITIONS = (
					USE_FILE32API,
					CC_TARGET_OS_MAC,
					"CC_ENABLE_CHIPMUNK_INTEGRATION=1",
				);
				GCC_SYMBOLS_PRIVATE_EXTERN = NO;
				HEADER_SEARCH_PATHS = (
					"$(inherited)",
					"$(SRCROOT)/../cocos2d/cocos/platform/mac",
					"$(SRCROOT)/../cocos2d/external/glfw3/include/mac",
				);
				INFOPLIST_FILE = mac/Info.plist;
				LIBRARY_SEARCH_PATHS = "";
				PRODUCT_BUNDLE_IDENTIFIER = jp.cocos2dx.newgame;
				PRODUCT_NAME = "Navinival Mac";
				USER_HEADER_SEARCH_PATHS = "";
			};
			name = Release;
		};
		C01FCF4F08A954540054247B /* Debug */ = {
			isa = XCBuildConfiguration;
			buildSettings = {
				CLANG_CXX_LANGUAGE_STANDARD = "c++0x";
				CLANG_CXX_LIBRARY = "libc++";
				CODE_SIGN_IDENTITY = "iPhone Developer: TAKUTO MUGURUMA (72223GX989)";
				COPY_PHASE_STRIP = NO;
				ENABLE_TESTABILITY = YES;
				GCC_OPTIMIZATION_LEVEL = 0;
				GCC_WARN_ABOUT_RETURN_TYPE = YES;
				GCC_WARN_UNUSED_VARIABLE = YES;
				HEADER_SEARCH_PATHS = (
					"$(SRCROOT)/../cocos2d",
					"$(SRCROOT)/../cocos2d/cocos",
					"$(SRCROOT)/../cocos2d/cocos/base",
					"$(SRCROOT)/../cocos2d/cocos/physics",
					"$(SRCROOT)/../cocos2d/cocos/math",
					"$(SRCROOT)/../cocos2d/cocos/2d",
					"$(SRCROOT)/../cocos2d/cocos/ui",
					"$(SRCROOT)/../cocos2d/cocos/network",
					"$(SRCROOT)/../cocos2d/cocos/audio/include",
					"$(SRCROOT)/../cocos2d/cocos/editor-support",
					"$(SRCROOT)/../cocos2d/extensions",
					"$(SRCROOT)/../cocos2d/external",
					"$(SRCROOT)/../cocos2d/external/chipmunk/include/chipmunk",
				);
				IPHONEOS_DEPLOYMENT_TARGET = 9.0;
				MACOSX_DEPLOYMENT_TARGET = 10.11;
				ONLY_ACTIVE_ARCH = YES;
				PRODUCT_NAME = "$(TARGET_NAME)";
				PROVISIONING_PROFILE = "5762f24a-f7d5-4cba-8432-60ae1e7fa5b4";
				SDKROOT = macosx;
			};
			name = Debug;
		};
		C01FCF5008A954540054247B /* Release */ = {
			isa = XCBuildConfiguration;
			buildSettings = {
				CLANG_CXX_LANGUAGE_STANDARD = "c++0x";
				CLANG_CXX_LIBRARY = "libc++";
				CODE_SIGN_IDENTITY = "iPhone Developer: TAKUTO MUGURUMA (72223GX989)";
				GCC_WARN_ABOUT_RETURN_TYPE = YES;
				GCC_WARN_UNUSED_VARIABLE = YES;
				HEADER_SEARCH_PATHS = (
					"$(SRCROOT)/../cocos2d",
					"$(SRCROOT)/../cocos2d/cocos",
					"$(SRCROOT)/../cocos2d/cocos/base",
					"$(SRCROOT)/../cocos2d/cocos/physics",
					"$(SRCROOT)/../cocos2d/cocos/math",
					"$(SRCROOT)/../cocos2d/cocos/2d",
					"$(SRCROOT)/../cocos2d/cocos/ui",
					"$(SRCROOT)/../cocos2d/cocos/network",
					"$(SRCROOT)/../cocos2d/cocos/audio/include",
					"$(SRCROOT)/../cocos2d/cocos/editor-support",
					"$(SRCROOT)/../cocos2d/extensions",
					"$(SRCROOT)/../cocos2d/external",
					"$(SRCROOT)/../cocos2d/external/chipmunk/include/chipmunk",
				);
				IPHONEOS_DEPLOYMENT_TARGET = 9.0;
				MACOSX_DEPLOYMENT_TARGET = 10.11;
				OTHER_CFLAGS = "-DNS_BLOCK_ASSERTIONS=1";
				PRODUCT_NAME = "$(TARGET_NAME)";
				PROVISIONING_PROFILE = "5762f24a-f7d5-4cba-8432-60ae1e7fa5b4";
				SDKROOT = macosx;
				VALIDATE_PRODUCT = YES;
			};
			name = Release;
		};
/* End XCBuildConfiguration section */

/* Begin XCConfigurationList section */
		1D6058960D05DD3E006BFB54 /* Build configuration list for PBXNativeTarget "Navinival iOS" */ = {
			isa = XCConfigurationList;
			buildConfigurations = (
				1D6058940D05DD3E006BFB54 /* Debug */,
				1D6058950D05DD3E006BFB54 /* Release */,
			);
			defaultConfigurationIsVisible = 0;
			defaultConfigurationName = Debug;
		};
		5087E76C17EB910900C73F5D /* Build configuration list for PBXNativeTarget "Navinival Mac" */ = {
			isa = XCConfigurationList;
			buildConfigurations = (
				5087E76D17EB910900C73F5D /* Debug */,
				5087E76E17EB910900C73F5D /* Release */,
			);
			defaultConfigurationIsVisible = 0;
			defaultConfigurationName = Debug;
		};
		C01FCF4E08A954540054247B /* Build configuration list for PBXProject "Navinival" */ = {
			isa = XCConfigurationList;
			buildConfigurations = (
				C01FCF4F08A954540054247B /* Debug */,
				C01FCF5008A954540054247B /* Release */,
			);
			defaultConfigurationIsVisible = 0;
			defaultConfigurationName = Debug;
		};
/* End XCConfigurationList section */
	};
	rootObject = 29B97313FDCFA39411CA2CEA /* Project object */;
}
